
Microsoft Visual Studio Solution File, Format Version 12.00
# Visual Studio 15
VisualStudioVersion = 15.0.28307.271
MinimumVisualStudioVersion = 10.0.40219.1
Project("{FAE04EC0-301F-11D3-BF4B-00C04F79EFBC}") = "sampleGithubExercise", "sampleGithubExercise\sampleGithubExercise.csproj", "{94F0B6A5-A696-4281-AC13-7910864D09DF}"
EndProject
Global
	GlobalSection(SolutionConfigurationPlatforms) = preSolution
		Debug|Any CPU = Debug|Any CPU
		Release|Any CPU = Release|Any CPU
	EndGlobalSection
	GlobalSection(ProjectConfigurationPlatforms) = postSolution
		{94F0B6A5-A696-4281-AC13-7910864D09DF}.Debug|Any CPU.ActiveCfg = Debug|Any CPU
		{94F0B6A5-A696-4281-AC13-7910864D09DF}.Debug|Any CPU.Build.0 = Debug|Any CPU
		{94F0B6A5-A696-4281-AC13-7910864D09DF}.Release|Any CPU.ActiveCfg = Release|Any CPU
		{94F0B6A5-A696-4281-AC13-7910864D09DF}.Release|Any CPU.Build.0 = Release|Any CPU
	EndGlobalSection
	GlobalSection(SolutionProperties) = preSolution
		HideSolutionNode = FALSE
	EndGlobalSection
	GlobalSection(ExtensibilityGlobals) = postSolution
		SolutionGuid = {EC513722-B10F-41DF-98AC-46C2CCDD5592}
	EndGlobalSection
EndGlobal
